{
    "_meta": {
        "hash": {
            "sha256": "e2458ef00f47e0c81fbefc7d0987542807a193b9d74bd7cfabbea7033376af24"
        },
        "pipfile-spec": 6,
        "requires": {
            "python_version": "3.8"
        },
        "sources": [
            {
                "name": "pypi",
                "url": "https://pypi.org/simple",
                "verify_ssl": true
            }
        ]
    },
    "default": {
        "youtube-dl": {
            "hashes": [
                "sha256:1314de17f0d41c0f1062c4942406b8e0558d14d44b32f9fce00272760a06455b",
                "sha256:25324aab78df9a09b2ee34f642f116933134bc66ea629a778c1fffe05b66f733"
            ],
            "index": "pypi",
            "version": "==2019.11.5"
        }
    },
    "develop": {}
}
